
Microsoft Visual Studio Solution File, Format Version 12.00
# Visual Studio 2013
VisualStudioVersion = 12.0.31101.0
MinimumVisualStudioVersion = 10.0.40219.1
Project("{FAE04EC0-301F-11D3-BF4B-00C04F79EFBC}") = "KinectGamePlayer", "KinectGamePlayer.csproj", "{0D5E5D17-848C-4AE3-9BDC-08FA4B5225D7}"
EndProject
Project("{FAE04EC0-301F-11D3-BF4B-00C04F79EFBC}") = "LibSVMsharp", "..\LibSVMsharp\LibSVMsharp\LibSVMsharp.csproj", "{AC04337C-E542-4BE9-8DBD-5B44535299E2}"
EndProject
Project("{FAE04EC0-301F-11D3-BF4B-00C04F79EFBC}") = "LibSVMsharp.Demo", "..\LibSVMsharp\LibSVMsharp.Demo\LibSVMsharp.Demo.csproj", "{8AEC5334-0E4A-4333-8885-4E382CAE4F37}"
EndProject
Project("{FAE04EC0-301F-11D3-BF4B-00C04F79EFBC}") = "Histogrammer", "..\Histogrammer\Histogrammer.csproj", "{E855B6C3-7BC1-4D86-8794-B77BF7584AEB}"
EndProject
Project("{FAE04EC0-301F-11D3-BF4B-00C04F79EFBC}") = "HistogrammerRunner", "..\HistogrammerRunner\HistogrammerRunner.csproj", "{C75C90E6-2882-4254-AF40-35384188641A}"
EndProject
Global
	GlobalSection(SolutionConfigurationPlatforms) = preSolution
		Debug|Any CPU = Debug|Any CPU
		Debug|Mixed Platforms = Debug|Mixed Platforms
		Debug|x86 = Debug|x86
		Release|Any CPU = Release|Any CPU
		Release|Mixed Platforms = Release|Mixed Platforms
		Release|x86 = Release|x86
	EndGlobalSection
	GlobalSection(ProjectConfigurationPlatforms) = postSolution
		{0D5E5D17-848C-4AE3-9BDC-08FA4B5225D7}.Debug|Any CPU.ActiveCfg = Debug|Any CPU
		{0D5E5D17-848C-4AE3-9BDC-08FA4B5225D7}.Debug|Any CPU.Build.0 = Debug|Any CPU
		{0D5E5D17-848C-4AE3-9BDC-08FA4B5225D7}.Debug|Mixed Platforms.ActiveCfg = Debug|x86
		{0D5E5D17-848C-4AE3-9BDC-08FA4B5225D7}.Debug|Mixed Platforms.Build.0 = Debug|x86
		{0D5E5D17-848C-4AE3-9BDC-08FA4B5225D7}.Debug|x86.ActiveCfg = Debug|x86
		{0D5E5D17-848C-4AE3-9BDC-08FA4B5225D7}.Debug|x86.Build.0 = Debug|x86
		{0D5E5D17-848C-4AE3-9BDC-08FA4B5225D7}.Release|Any CPU.ActiveCfg = Release|Any CPU
		{0D5E5D17-848C-4AE3-9BDC-08FA4B5225D7}.Release|Any CPU.Build.0 = Release|Any CPU
		{0D5E5D17-848C-4AE3-9BDC-08FA4B5225D7}.Release|Mixed Platforms.ActiveCfg = Release|x86
		{0D5E5D17-848C-4AE3-9BDC-08FA4B5225D7}.Release|Mixed Platforms.Build.0 = Release|x86
		{0D5E5D17-848C-4AE3-9BDC-08FA4B5225D7}.Release|x86.ActiveCfg = Release|x86
		{0D5E5D17-848C-4AE3-9BDC-08FA4B5225D7}.Release|x86.Build.0 = Release|x86
		{AC04337C-E542-4BE9-8DBD-5B44535299E2}.Debug|Any CPU.ActiveCfg = Debug|Any CPU
		{AC04337C-E542-4BE9-8DBD-5B44535299E2}.Debug|Any CPU.Build.0 = Debug|Any CPU
		{AC04337C-E542-4BE9-8DBD-5B44535299E2}.Debug|Mixed Platforms.ActiveCfg = Debug|Any CPU
		{AC04337C-E542-4BE9-8DBD-5B44535299E2}.Debug|Mixed Platforms.Build.0 = Debug|Any CPU
		{AC04337C-E542-4BE9-8DBD-5B44535299E2}.Debug|x86.ActiveCfg = Debug|Any CPU
		{AC04337C-E542-4BE9-8DBD-5B44535299E2}.Release|Any CPU.ActiveCfg = Release|Any CPU
		{AC04337C-E542-4BE9-8DBD-5B44535299E2}.Release|Any CPU.Build.0 = Release|Any CPU
		{AC04337C-E542-4BE9-8DBD-5B44535299E2}.Release|Mixed Platforms.ActiveCfg = Release|Any CPU
		{AC04337C-E542-4BE9-8DBD-5B44535299E2}.Release|Mixed Platforms.Build.0 = Release|Any CPU
		{AC04337C-E542-4BE9-8DBD-5B44535299E2}.Release|x86.ActiveCfg = Release|Any CPU
		{8AEC5334-0E4A-4333-8885-4E382CAE4F37}.Debug|Any CPU.ActiveCfg = Debug|Any CPU
		{8AEC5334-0E4A-4333-8885-4E382CAE4F37}.Debug|Any CPU.Build.0 = Debug|Any CPU
		{8AEC5334-0E4A-4333-8885-4E382CAE4F37}.Debug|Mixed Platforms.ActiveCfg = Debug|Any CPU
		{8AEC5334-0E4A-4333-8885-4E382CAE4F37}.Debug|Mixed Platforms.Build.0 = Debug|Any CPU
		{8AEC5334-0E4A-4333-8885-4E382CAE4F37}.Debug|x86.ActiveCfg = Debug|Any CPU
		{8AEC5334-0E4A-4333-8885-4E382CAE4F37}.Release|Any CPU.ActiveCfg = Release|Any CPU
		{8AEC5334-0E4A-4333-8885-4E382CAE4F37}.Release|Any CPU.Build.0 = Release|Any CPU
		{8AEC5334-0E4A-4333-8885-4E382CAE4F37}.Release|Mixed Platforms.ActiveCfg = Release|Any CPU
		{8AEC5334-0E4A-4333-8885-4E382CAE4F37}.Release|Mixed Platforms.Build.0 = Release|Any CPU
		{8AEC5334-0E4A-4333-8885-4E382CAE4F37}.Release|x86.ActiveCfg = Release|Any CPU
		{E855B6C3-7BC1-4D86-8794-B77BF7584AEB}.Debug|Any CPU.ActiveCfg = Debug|Any CPU
		{E855B6C3-7BC1-4D86-8794-B77BF7584AEB}.Debug|Any CPU.Build.0 = Debug|Any CPU
		{E855B6C3-7BC1-4D86-8794-B77BF7584AEB}.Debug|Mixed Platforms.ActiveCfg = Debug|Any CPU
		{E855B6C3-7BC1-4D86-8794-B77BF7584AEB}.Debug|Mixed Platforms.Build.0 = Debug|Any CPU
		{E855B6C3-7BC1-4D86-8794-B77BF7584AEB}.Debug|x86.ActiveCfg = Debug|Any CPU
		{E855B6C3-7BC1-4D86-8794-B77BF7584AEB}.Debug|x86.Build.0 = Debug|Any CPU
		{E855B6C3-7BC1-4D86-8794-B77BF7584AEB}.Release|Any CPU.ActiveCfg = Release|Any CPU
		{E855B6C3-7BC1-4D86-8794-B77BF7584AEB}.Release|Any CPU.Build.0 = Release|Any CPU
		{E855B6C3-7BC1-4D86-8794-B77BF7584AEB}.Release|Mixed Platforms.ActiveCfg = Release|Any CPU
		{E855B6C3-7BC1-4D86-8794-B77BF7584AEB}.Release|Mixed Platforms.Build.0 = Release|Any CPU
		{E855B6C3-7BC1-4D86-8794-B77BF7584AEB}.Release|x86.ActiveCfg = Release|Any CPU
		{C75C90E6-2882-4254-AF40-35384188641A}.Debug|Any CPU.ActiveCfg = Debug|Any CPU
		{C75C90E6-2882-4254-AF40-35384188641A}.Debug|Any CPU.Build.0 = Debug|Any CPU
		{C75C90E6-2882-4254-AF40-35384188641A}.Debug|Mixed Platforms.ActiveCfg = Debug|Any CPU
		{C75C90E6-2882-4254-AF40-35384188641A}.Debug|Mixed Platforms.Build.0 = Debug|Any CPU
		{C75C90E6-2882-4254-AF40-35384188641A}.Debug|x86.ActiveCfg = Debug|Any CPU
		{C75C90E6-2882-4254-AF40-35384188641A}.Release|Any CPU.ActiveCfg = Release|Any CPU
		{C75C90E6-2882-4254-AF40-35384188641A}.Release|Any CPU.Build.0 = Release|Any CPU
		{C75C90E6-2882-4254-AF40-35384188641A}.Release|Mixed Platforms.ActiveCfg = Release|Any CPU
		{C75C90E6-2882-4254-AF40-35384188641A}.Release|Mixed Platforms.Build.0 = Release|Any CPU
		{C75C90E6-2882-4254-AF40-35384188641A}.Release|x86.ActiveCfg = Release|Any CPU
	EndGlobalSection
	GlobalSection(SolutionProperties) = preSolution
		HideSolutionNode = FALSE
	EndGlobalSection
EndGlobal
